// !$*UTF8*$!
{
	archiveVersion = 1;
	classes = {
	};
	objectVersion = 50;
	objects = {

/* Begin PBXBuildFile section */
		77E27A8122A624370074B3A7 /* AppDelegate.swift in Sources */ = {isa = PBXBuildFile; fileRef = 77E27A8022A624370074B3A7 /* AppDelegate.swift */; };
		77E27A8322A624370074B3A7 /* SceneDelegate.swift in Sources */ = {isa = PBXBuildFile; fileRef = 77E27A8222A624370074B3A7 /* SceneDelegate.swift */; };
		77E27A8622A624370074B3A7 /* SwiftUI_Experiment.xcdatamodeld in Sources */ = {isa = PBXBuildFile; fileRef = 77E27A8422A624370074B3A7 /* SwiftUI_Experiment.xcdatamodeld */; };
		77E27A8822A624370074B3A7 /* ContentView.swift in Sources */ = {isa = PBXBuildFile; fileRef = 77E27A8722A624370074B3A7 /* ContentView.swift */; };
		77E27A8A22A624390074B3A7 /* Assets.xcassets in Resources */ = {isa = PBXBuildFile; fileRef = 77E27A8922A624390074B3A7 /* Assets.xcassets */; };
		77E27A8D22A624390074B3A7 /* Preview Assets.xcassets in Resources */ = {isa = PBXBuildFile; fileRef = 77E27A8C22A624390074B3A7 /* Preview Assets.xcassets */; };
		77E27A9022A624390074B3A7 /* LaunchScreen.storyboard in Resources */ = {isa = PBXBuildFile; fileRef = 77E27A8E22A624390074B3A7 /* LaunchScreen.storyboard */; };
		77E27A9B22A624390074B3A7 /* SwiftUI_ExperimentTests.swift in Sources */ = {isa = PBXBuildFile; fileRef = 77E27A9A22A624390074B3A7 /* SwiftUI_ExperimentTests.swift */; };
		77E27AA622A624390074B3A7 /* SwiftUI_ExperimentUITests.swift in Sources */ = {isa = PBXBuildFile; fileRef = 77E27AA522A624390074B3A7 /* SwiftUI_ExperimentUITests.swift */; };
/* End PBXBuildFile section */

/* Begin PBXContainerItemProxy section */
		77E27A9722A624390074B3A7 /* PBXContainerItemProxy */ = {
			isa = PBXContainerItemProxy;
			containerPortal = 77E27A7522A624370074B3A7 /* Project object */;
			proxyType = 1;
			remoteGlobalIDString = 77E27A7C22A624370074B3A7;
			remoteInfo = SwiftUI_Experiment;
		};
		77E27AA222A624390074B3A7 /* PBXContainerItemProxy */ = {
			isa = PBXContainerItemProxy;
			containerPortal = 77E27A7522A624370074B3A7 /* Project object */;
			proxyType = 1;
			remoteGlobalIDString = 77E27A7C22A624370074B3A7;
			remoteInfo = SwiftUI_Experiment;
		};
/* End PBXContainerItemProxy section */

/* Begin PBXFileReference section */
		77E27A7D22A624370074B3A7 /* SwiftUI_Experiment.app */ = {isa = PBXFileReference; explicitFileType = wrapper.application; includeInIndex = 0; path = SwiftUI_Experiment.app; sourceTree = BUILT_PRODUCTS_DIR; };
		77E27A8022A624370074B3A7 /* AppDelegate.swift */ = {isa = PBXFileReference; lastKnownFileType = sourcecode.swift; path = AppDelegate.swift; sourceTree = "<group>"; };
		77E27A8222A624370074B3A7 /* SceneDelegate.swift */ = {isa = PBXFileReference; lastKnownFileType = sourcecode.swift; path = SceneDelegate.swift; sourceTree = "<group>"; };
		77E27A8522A624370074B3A7 /* SwiftUI_Experiment.xcdatamodel */ = {isa = PBXFileReference; lastKnownFileType = wrapper.xcdatamodel; path = SwiftUI_Experiment.xcdatamodel; sourceTree = "<group>"; };
		77E27A8722A624370074B3A7 /* ContentView.swift */ = {isa = PBXFileReference; lastKnownFileType = sourcecode.swift; path = ContentView.swift; sourceTree = "<group>"; };
		77E27A8922A624390074B3A7 /* Assets.xcassets */ = {isa = PBXFileReference; lastKnownFileType = folder.assetcatalog; path = Assets.xcassets; sourceTree = "<group>"; };
		77E27A8C22A624390074B3A7 /* Preview Assets.xcassets */ = {isa = PBXFileReference; lastKnownFileType = folder.assetcatalog; path = "Preview Assets.xcassets"; sourceTree = "<group>"; };
		77E27A8F22A624390074B3A7 /* Base */ = {isa = PBXFileReference; lastKnownFileType = file.storyboard; name = Base; path = Base.lproj/LaunchScreen.storyboard; sourceTree = "<group>"; };
		77E27A9122A624390074B3A7 /* Info.plist */ = {isa = PBXFileReference; lastKnownFileType = text.plist.xml; path = Info.plist; sourceTree = "<group>"; };
		77E27A9622A624390074B3A7 /* SwiftUI_ExperimentTests.xctest */ = {isa = PBXFileReference; explicitFileType = wrapper.cfbundle; includeInIndex = 0; path = SwiftUI_ExperimentTests.xctest; sourceTree = BUILT_PRODUCTS_DIR; };
		77E27A9A22A624390074B3A7 /* SwiftUI_ExperimentTests.swift */ = {isa = PBXFileReference; lastKnownFileType = sourcecode.swift; path = SwiftUI_ExperimentTests.swift; sourceTree = "<group>"; };
		77E27A9C22A624390074B3A7 /* Info.plist */ = {isa = PBXFileReference; lastKnownFileType = text.plist.xml; path = Info.plist; sourceTree = "<group>"; };
		77E27AA122A624390074B3A7 /* SwiftUI_ExperimentUITests.xctest */ = {isa = PBXFileReference; explicitFileType = wrapper.cfbundle; includeInIndex = 0; path = SwiftUI_ExperimentUITests.xctest; sourceTree = BUILT_PRODUCTS_DIR; };
		77E27AA522A624390074B3A7 /* SwiftUI_ExperimentUITests.swift */ = {isa = PBXFileReference; lastKnownFileType = sourcecode.swift; path = SwiftUI_ExperimentUITests.swift; sourceTree = "<group>"; };
		77E27AA722A624390074B3A7 /* Info.plist */ = {isa = PBXFileReference; lastKnownFileType = text.plist.xml; path = Info.plist; sourceTree = "<group>"; };
/* End PBXFileReference section */

/* Begin PBXFrameworksBuildPhase section */
		77E27A7A22A624370074B3A7 /* Frameworks */ = {
			isa = PBXFrameworksBuildPhase;
			buildActionMask = 2147483647;
			files = (
			);
			runOnlyForDeploymentPostprocessing = 0;
		};
		77E27A9322A624390074B3A7 /* Frameworks */ = {
			isa = PBXFrameworksBuildPhase;
			buildActionMask = 2147483647;
			files = (
			);
			runOnlyForDeploymentPostprocessing = 0;
		};
		77E27A9E22A624390074B3A7 /* Frameworks */ = {
			isa = PBXFrameworksBuildPhase;
			buildActionMask = 2147483647;
			files = (
			);
			runOnlyForDeploymentPostprocessing = 0;
		};
/* End PBXFrameworksBuildPhase section */

/* Begin PBXGroup section */
		77E27A7422A624370074B3A7 = {
			isa = PBXGroup;
			children = (
				77E27A7F22A624370074B3A7 /* SwiftUI_Experiment */,
				77E27A9922A624390074B3A7 /* SwiftUI_ExperimentTests */,
				77E27AA422A624390074B3A7 /* SwiftUI_ExperimentUITests */,
				77E27A7E22A624370074B3A7 /* Products */,
			);
			sourceTree = "<group>";
		};
		77E27A7E22A624370074B3A7 /* Products */ = {
			isa = PBXGroup;
			children = (
				77E27A7D22A624370074B3A7 /* SwiftUI_Experiment.app */,
				77E27A9622A624390074B3A7 /* SwiftUI_ExperimentTests.xctest */,
				77E27AA122A624390074B3A7 /* SwiftUI_ExperimentUITests.xctest */,
			);
			name = Products;
			sourceTree = "<group>";
		};
		77E27A7F22A624370074B3A7 /* SwiftUI_Experiment */ = {
			isa = PBXGroup;
			children = (
				77E27A8022A624370074B3A7 /* AppDelegate.swift */,
				77E27A8222A624370074B3A7 /* SceneDelegate.swift */,
				77E27A8722A624370074B3A7 /* ContentView.swift */,
				77E27A8922A624390074B3A7 /* Assets.xcassets */,
				77E27A8E22A624390074B3A7 /* LaunchScreen.storyboard */,
				77E27A9122A624390074B3A7 /* Info.plist */,
				77E27A8422A624370074B3A7 /* SwiftUI_Experiment.xcdatamodeld */,
				77E27A8B22A624390074B3A7 /* Preview Content */,
			);
			path = SwiftUI_Experiment;
			sourceTree = "<group>";
		};
		77E27A8B22A624390074B3A7 /* Preview Content */ = {
			isa = PBXGroup;
			children = (
				77E27A8C22A624390074B3A7 /* Preview Assets.xcassets */,
			);
			path = "Preview Content";
			sourceTree = "<group>";
		};
		77E27A9922A624390074B3A7 /* SwiftUI_ExperimentTests */ = {
			isa = PBXGroup;
			children = (
				77E27A9A22A624390074B3A7 /* SwiftUI_ExperimentTests.swift */,
				77E27A9C22A624390074B3A7 /* Info.plist */,
			);
			path = SwiftUI_ExperimentTests;
			sourceTree = "<group>";
		};
		77E27AA422A624390074B3A7 /* SwiftUI_ExperimentUITests */ = {
			isa = PBXGroup;
			children = (
				77E27AA522A624390074B3A7 /* SwiftUI_ExperimentUITests.swift */,
				77E27AA722A624390074B3A7 /* Info.plist */,
			);
			path = SwiftUI_ExperimentUITests;
			sourceTree = "<group>";
		};
/* End PBXGroup section */

/* Begin PBXNativeTarget section */
		77E27A7C22A624370074B3A7 /* SwiftUI_Experiment */ = {
			isa = PBXNativeTarget;
			buildConfigurationList = 77E27AAA22A624390074B3A7 /* Build configuration list for PBXNativeTarget "SwiftUI_Experiment" */;
			buildPhases = (
				77E27A7922A624370074B3A7 /* Sources */,
				77E27A7A22A624370074B3A7 /* Frameworks */,
				77E27A7B22A624370074B3A7 /* Resources */,
			);
			buildRules = (
			);
			dependencies = (
			);
			name = SwiftUI_Experiment;
			productName = SwiftUI_Experiment;
			productReference = 77E27A7D22A624370074B3A7 /* SwiftUI_Experiment.app */;
			productType = "com.apple.product-type.application";
		};
		77E27A9522A624390074B3A7 /* SwiftUI_ExperimentTests */ = {
			isa = PBXNativeTarget;
			buildConfigurationList = 77E27AAD22A624390074B3A7 /* Build configuration list for PBXNativeTarget "SwiftUI_ExperimentTests" */;
			buildPhases = (
				77E27A9222A624390074B3A7 /* Sources */,
				77E27A9322A624390074B3A7 /* Frameworks */,
				77E27A9422A624390074B3A7 /* Resources */,
			);
			buildRules = (
			);
			dependencies = (
				77E27A9822A624390074B3A7 /* PBXTargetDependency */,
			);
			name = SwiftUI_ExperimentTests;
			productName = SwiftUI_ExperimentTests;
			productReference = 77E27A9622A624390074B3A7 /* SwiftUI_ExperimentTests.xctest */;
			productType = "com.apple.product-type.bundle.unit-test";
		};
		77E27AA022A624390074B3A7 /* SwiftUI_ExperimentUITests */ = {
			isa = PBXNativeTarget;
			buildConfigurationList = 77E27AB022A624390074B3A7 /* Build configuration list for PBXNativeTarget "SwiftUI_ExperimentUITests" */;
			buildPhases = (
				77E27A9D22A624390074B3A7 /* Sources */,
				77E27A9E22A624390074B3A7 /* Frameworks */,
				77E27A9F22A624390074B3A7 /* Resources */,
			);
			buildRules = (
			);
			dependencies = (
				77E27AA322A624390074B3A7 /* PBXTargetDependency */,
			);
			name = SwiftUI_ExperimentUITests;
			productName = SwiftUI_ExperimentUITests;
			productReference = 77E27AA122A624390074B3A7 /* SwiftUI_ExperimentUITests.xctest */;
			productType = "com.apple.product-type.bundle.ui-testing";
		};
/* End PBXNativeTarget section */

/* Begin PBXProject section */
		77E27A7522A624370074B3A7 /* Project object */ = {
			isa = PBXProject;
			attributes = {
				LastSwiftUpdateCheck = 1100;
				LastUpgradeCheck = 1100;
				ORGANIZATIONNAME = "Patrick Mifsud";
				TargetAttributes = {
					77E27A7C22A624370074B3A7 = {
						CreatedOnToolsVersion = 11.0;
					};
					77E27A9522A624390074B3A7 = {
						CreatedOnToolsVersion = 11.0;
						TestTargetID = 77E27A7C22A624370074B3A7;
					};
					77E27AA022A624390074B3A7 = {
						CreatedOnToolsVersion = 11.0;
						TestTargetID = 77E27A7C22A624370074B3A7;
					};
				};
			};
			buildConfigurationList = 77E27A7822A624370074B3A7 /* Build configuration list for PBXProject "SwiftUI_Experiment" */;
			compatibilityVersion = "Xcode 9.3";
			developmentRegion = en;
			hasScannedForEncodings = 0;
			knownRegions = (
				en,
				Base,
			);
			mainGroup = 77E27A7422A624370074B3A7;
			productRefGroup = 77E27A7E22A624370074B3A7 /* Products */;
			projectDirPath = "";
			projectRoot = "";
			targets = (
				77E27A7C22A624370074B3A7 /* SwiftUI_Experiment */,
				77E27A9522A624390074B3A7 /* SwiftUI_ExperimentTests */,
				77E27AA022A624390074B3A7 /* SwiftUI_ExperimentUITests */,
			);
		};
/* End PBXProject section */

/* Begin PBXResourcesBuildPhase section */
		77E27A7B22A624370074B3A7 /* Resources */ = {
			isa = PBXResourcesBuildPhase;
			buildActionMask = 2147483647;
			files = (
				77E27A9022A624390074B3A7 /* LaunchScreen.storyboard in Resources */,
				77E27A8D22A624390074B3A7 /* Preview Assets.xcassets in Resources */,
				77E27A8A22A624390074B3A7 /* Assets.xcassets in Resources */,
			);
			runOnlyForDeploymentPostprocessing = 0;
		};
		77E27A9422A624390074B3A7 /* Resources */ = {
			isa = PBXResourcesBuildPhase;
			buildActionMask = 2147483647;
			files = (
			);
			runOnlyForDeploymentPostprocessing = 0;
		};
		77E27A9F22A624390074B3A7 /* Resources */ = {
			isa = PBXResourcesBuildPhase;
			buildActionMask = 2147483647;
			files = (
			);
			runOnlyForDeploymentPostprocessing = 0;
		};
/* End PBXResourcesBuildPhase section */

/* Begin PBXSourcesBuildPhase section */
		77E27A7922A624370074B3A7 /* Sources */ = {
			isa = PBXSourcesBuildPhase;
			buildActionMask = 2147483647;
			files = (
				77E27A8122A624370074B3A7 /* AppDelegate.swift in Sources */,
				77E27A8322A624370074B3A7 /* SceneDelegate.swift in Sources */,
				77E27A8822A624370074B3A7 /* ContentView.swift in Sources */,
				77E27A8622A624370074B3A7 /* SwiftUI_Experiment.xcdatamodeld in Sources */,
			);
			runOnlyForDeploymentPostprocessing = 0;
		};
		77E27A9222A624390074B3A7 /* Sources */ = {
			isa = PBXSourcesBuildPhase;
			buildActionMask = 2147483647;
			files = (
				77E27A9B22A624390074B3A7 /* SwiftUI_ExperimentTests.swift in Sources */,
			);
			runOnlyForDeploymentPostprocessing = 0;
		};
		77E27A9D22A624390074B3A7 /* Sources */ = {
			isa = PBXSourcesBuildPhase;
			buildActionMask = 2147483647;
			files = (
				77E27AA622A624390074B3A7 /* SwiftUI_ExperimentUITests.swift in Sources */,
			);
			runOnlyForDeploymentPostprocessing = 0;
		};
/* End PBXSourcesBuildPhase section */

/* Begin PBXTargetDependency section */
		77E27A9822A624390074B3A7 /* PBXTargetDependency */ = {
			isa = PBXTargetDependency;
			target = 77E27A7C22A624370074B3A7 /* SwiftUI_Experiment */;
			targetProxy = 77E27A9722A624390074B3A7 /* PBXContainerItemProxy */;
		};
		77E27AA322A624390074B3A7 /* PBXTargetDependency */ = {
			isa = PBXTargetDependency;
			target = 77E27A7C22A624370074B3A7 /* SwiftUI_Experiment */;
			targetProxy = 77E27AA222A624390074B3A7 /* PBXContainerItemProxy */;
		};
/* End PBXTargetDependency section */

/* Begin PBXVariantGroup section */
		77E27A8E22A624390074B3A7 /* LaunchScreen.storyboard */ = {
			isa = PBXVariantGroup;
			children = (
				77E27A8F22A624390074B3A7 /* Base */,
			);
			name = LaunchScreen.storyboard;
			sourceTree = "<group>";
		};
/* End PBXVariantGroup section */

/* Begin XCBuildConfiguration section */
		77E27AA822A624390074B3A7 /* Debug */ = {
			isa = XCBuildConfiguration;
			buildSettings = {
				ALWAYS_SEARCH_USER_PATHS = NO;
				CLANG_ANALYZER_NONNULL = YES;
				CLANG_ANALYZER_NUMBER_OBJECT_CONVERSION = YES_AGGRESSIVE;
				CLANG_CXX_LANGUAGE_STANDARD = "gnu++14";
				CLANG_CXX_LIBRARY = "libc++";
				CLANG_ENABLE_MODULES = YES;
				CLANG_ENABLE_OBJC_ARC = YES;
				CLANG_ENABLE_OBJC_WEAK = YES;
				CLANG_WARN_BLOCK_CAPTURE_AUTORELEASING = YES;
				CLANG_WARN_BOOL_CONVERSION = YES;
				CLANG_WARN_COMMA = YES;
				CLANG_WARN_CONSTANT_CONVERSION = YES;
				CLANG_WARN_DEPRECATED_OBJC_IMPLEMENTATIONS = YES;
				CLANG_WARN_DIRECT_OBJC_ISA_USAGE = YES_ERROR;
				CLANG_WARN_DOCUMENTATION_COMMENTS = YES;
				CLANG_WARN_EMPTY_BODY = YES;
				CLANG_WARN_ENUM_CONVERSION = YES;
				CLANG_WARN_INFINITE_RECURSION = YES;
				CLANG_WARN_INT_CONVERSION = YES;
				CLANG_WARN_NON_LITERAL_NULL_CONVERSION = YES;
				CLANG_WARN_OBJC_IMPLICIT_RETAIN_SELF = YES;
				CLANG_WARN_OBJC_LITERAL_CONVERSION = YES;
				CLANG_WARN_OBJC_ROOT_CLASS = YES_ERROR;
				CLANG_WARN_RANGE_LOOP_ANALYSIS = YES;
				CLANG_WARN_STRICT_PROTOTYPES = YES;
				CLANG_WARN_SUSPICIOUS_MOVE = YES;
				CLANG_WARN_UNGUARDED_AVAILABILITY = YES_AGGRESSIVE;
				CLANG_WARN_UNREACHABLE_CODE = YES;
				CLANG_WARN__DUPLICATE_METHOD_MATCH = YES;
				COPY_PHASE_STRIP = NO;
				DEBUG_INFORMATION_FORMAT = dwarf;
				ENABLE_STRICT_OBJC_MSGSEND = YES;
				ENABLE_TESTABILITY = YES;
				GCC_C_LANGUAGE_STANDARD = gnu11;
				GCC_DYNAMIC_NO_PIC = NO;
				GCC_NO_COMMON_BLOCKS = YES;
				GCC_OPTIMIZATION_LEVEL = 0;
				GCC_PREPROCESSOR_DEFINITIONS = (
					"DEBUG=1",
					"$(inherited)",
				);
				GCC_WARN_64_TO_32_BIT_CONVERSION = YES;
				GCC_WARN_ABOUT_RETURN_TYPE = YES_ERROR;
				GCC_WARN_UNDECLARED_SELECTOR = YES;
				GCC_WARN_UNINITIALIZED_AUTOS = YES_AGGRESSIVE;
				GCC_WARN_UNUSED_FUNCTION = YES;
				GCC_WARN_UNUSED_VARIABLE = YES;
				IPHONEOS_DEPLOYMENT_TARGET = 13.0;
				MTL_ENABLE_DEBUG_INFO = INCLUDE_SOURCE;
				MTL_FAST_MATH = YES;
				ONLY_ACTIVE_ARCH = YES;
				SDKROOT = iphoneos;
				SWIFT_ACTIVE_COMPILATION_CONDITIONS = DEBUG;
				SWIFT_OPTIMIZATION_LEVEL = "-Onone";
			};
			name = Debug;
		};
		77E27AA922A624390074B3A7 /* Release */ = {
			isa = XCBuildConfiguration;
			buildSettings = {
				ALWAYS_SEARCH_USER_PATHS = NO;
				CLANG_ANALYZER_NONNULL = YES;
				CLANG_ANALYZER_NUMBER_OBJECT_CONVERSION = YES_AGGRESSIVE;
				CLANG_CXX_LANGUAGE_STANDARD = "gnu++14";
				CLANG_CXX_LIBRARY = "libc++";
				CLANG_ENABLE_MODULES = YES;
				CLANG_ENABLE_OBJC_ARC = YES;
				CLANG_ENABLE_OBJC_WEAK = YES;
				CLANG_WARN_BLOCK_CAPTURE_AUTORELEASING = YES;
				CLANG_WARN_BOOL_CONVERSION = YES;
				CLANG_WARN_COMMA = YES;
				CLANG_WARN_CONSTANT_CONVERSION = YES;
				CLANG_WARN_DEPRECATED_OBJC_IMPLEMENTATIONS = YES;
				CLANG_WARN_DIRECT_OBJC_ISA_USAGE = YES_ERROR;
				CLANG_WARN_DOCUMENTATION_COMMENTS = YES;
				CLANG_WARN_EMPTY_BODY = YES;
				CLANG_WARN_ENUM_CONVERSION = YES;
				CLANG_WARN_INFINITE_RECURSION = YES;
				CLANG_WARN_INT_CONVERSION = YES;
				CLANG_WARN_NON_LITERAL_NULL_CONVERSION = YES;
				CLANG_WARN_OBJC_IMPLICIT_RETAIN_SELF = YES;
				CLANG_WARN_OBJC_LITERAL_CONVERSION = YES;
				CLANG_WARN_OBJC_ROOT_CLASS = YES_ERROR;
				CLANG_WARN_RANGE_LOOP_ANALYSIS = YES;
				CLANG_WARN_STRICT_PROTOTYPES = YES;
				CLANG_WARN_SUSPICIOUS_MOVE = YES;
				CLANG_WARN_UNGUARDED_AVAILABILITY = YES_AGGRESSIVE;
				CLANG_WARN_UNREACHABLE_CODE = YES;
				CLANG_WARN__DUPLICATE_METHOD_MATCH = YES;
				COPY_PHASE_STRIP = NO;
				DEBUG_INFORMATION_FORMAT = "dwarf-with-dsym";
				ENABLE_NS_ASSERTIONS = NO;
				ENABLE_STRICT_OBJC_MSGSEND = YES;
				GCC_C_LANGUAGE_STANDARD = gnu11;
				GCC_NO_COMMON_BLOCKS = YES;
				GCC_WARN_64_TO_32_BIT_CONVERSION = YES;
				GCC_WARN_ABOUT_RETURN_TYPE = YES_ERROR;
				GCC_WARN_UNDECLARED_SELECTOR = YES;
				GCC_WARN_UNINITIALIZED_AUTOS = YES_AGGRESSIVE;
				GCC_WARN_UNUSED_FUNCTION = YES;
				GCC_WARN_UNUSED_VARIABLE = YES;
				IPHONEOS_DEPLOYMENT_TARGET = 13.0;
				MTL_ENABLE_DEBUG_INFO = NO;
				MTL_FAST_MATH = YES;
				SDKROOT = iphoneos;
				SWIFT_COMPILATION_MODE = wholemodule;
				SWIFT_OPTIMIZATION_LEVEL = "-O";
				VALIDATE_PRODUCT = YES;
			};
			name = Release;
		};
		77E27AAB22A624390074B3A7 /* Debug */ = {
			isa = XCBuildConfiguration;
			buildSettings = {
				ASSETCATALOG_COMPILER_APPICON_NAME = AppIcon;
				CODE_SIGN_STYLE = Automatic;
				DEVELOPMENT_ASSET_PATHS = "SwiftUI_Experiment/Preview\\ Content";
				DEVELOPMENT_TEAM = PU8ES8CS9S;
				ENABLE_PREVIEWS = YES;
				INFOPLIST_FILE = SwiftUI_Experiment/Info.plist;
				LD_RUNPATH_SEARCH_PATHS = (
					"$(inherited)",
					"@executable_path/Frameworks",
				);
				PRODUCT_BUNDLE_IDENTIFIER = "patrickmfsd.SwiftUI-Experiment";
				PRODUCT_NAME = "$(TARGET_NAME)";
				SWIFT_VERSION = 5.0;
				TARGETED_DEVICE_FAMILY = "1,2";
			};
			name = Debug;
		};
		77E27AAC22A624390074B3A7 /* Release */ = {
			isa = XCBuildConfiguration;
			buildSettings = {
				ASSETCATALOG_COMPILER_APPICON_NAME = AppIcon;
				CODE_SIGN_STYLE = Automatic;
				DEVELOPMENT_ASSET_PATHS = "SwiftUI_Experiment/Preview\\ Content";
				DEVELOPMENT_TEAM = PU8ES8CS9S;
				ENABLE_PREVIEWS = YES;
				INFOPLIST_FILE = SwiftUI_Experiment/Info.plist;
				LD_RUNPATH_SEARCH_PATHS = (
					"$(inherited)",
					"@executable_path/Frameworks",
				);
				PRODUCT_BUNDLE_IDENTIFIER = "patrickmfsd.SwiftUI-Experiment";
				PRODUCT_NAME = "$(TARGET_NAME)";
				SWIFT_VERSION = 5.0;
				TARGETED_DEVICE_FAMILY = "1,2";
			};
			name = Release;
		};
		77E27AAE22A624390074B3A7 /* Debug */ = {
			isa = XCBuildConfiguration;
			buildSettings = {
				ALWAYS_EMBED_SWIFT_STANDARD_LIBRARIES = YES;
				BUNDLE_LOADER = "$(TEST_HOST)";
				CODE_SIGN_STYLE = Automatic;
				DEVELOPMENT_TEAM = PU8ES8CS9S;
				INFOPLIST_FILE = SwiftUI_ExperimentTests/Info.plist;
				LD_RUNPATH_SEARCH_PATHS = (
					"$(inherited)",
					"@executable_path/Frameworks",
					"@loader_path/Frameworks",
				);
				PRODUCT_BUNDLE_IDENTIFIER = "patrickmfsd.SwiftUI-ExperimentTests";
				PRODUCT_NAME = "$(TARGET_NAME)";
				SWIFT_VERSION = 5.0;
				TARGETED_DEVICE_FAMILY = "1,2";
				TEST_HOST = "$(BUILT_PRODUCTS_DIR)/SwiftUI_Experiment.app/SwiftUI_Experiment";
			};
			name = Debug;
		};
		77E27AAF22A624390074B3A7 /* Release */ = {
			isa = XCBuildConfiguration;
			buildSettings = {
				ALWAYS_EMBED_SWIFT_STANDARD_LIBRARIES = YES;
				BUNDLE_LOADER = "$(TEST_HOST)";
				CODE_SIGN_STYLE = Automatic;
				DEVELOPMENT_TEAM = PU8ES8CS9S;
				INFOPLIST_FILE = SwiftUI_ExperimentTests/Info.plist;
				LD_RUNPATH_SEARCH_PATHS = (
					"$(inherited)",
					"@executable_path/Frameworks",
					"@loader_path/Frameworks",
				);
				PRODUCT_BUNDLE_IDENTIFIER = "patrickmfsd.SwiftUI-ExperimentTests";
				PRODUCT_NAME = "$(TARGET_NAME)";
				SWIFT_VERSION = 5.0;
				TARGETED_DEVICE_FAMILY = "1,2";
				TEST_HOST = "$(BUILT_PRODUCTS_DIR)/SwiftUI_Experiment.app/SwiftUI_Experiment";
			};
			name = Release;
		};
		77E27AB122A624390074B3A7 /* Debug */ = {
			isa = XCBuildConfiguration;
			buildSettings = {
				ALWAYS_EMBED_SWIFT_STANDARD_LIBRARIES = YES;
				CODE_SIGN_STYLE = Automatic;
				DEVELOPMENT_TEAM = PU8ES8CS9S;
				INFOPLIST_FILE = SwiftUI_ExperimentUITests/Info.plist;
				LD_RUNPATH_SEARCH_PATHS = (
					"$(inherited)",
					"@executable_path/Frameworks",
					"@loader_path/Frameworks",
				);
				PRODUCT_BUNDLE_IDENTIFIER = "patrickmfsd.SwiftUI-ExperimentUITests";
				PRODUCT_NAME = "$(TARGET_NAME)";
				SWIFT_VERSION = 5.0;
				TARGETED_DEVICE_FAMILY = "1,2";
				TEST_TARGET_NAME = SwiftUI_Experiment;
			};
			name = Debug;
		};
		77E27AB222A624390074B3A7 /* Release */ = {
			isa = XCBuildConfiguration;
			buildSettings = {
				ALWAYS_EMBED_SWIFT_STANDARD_LIBRARIES = YES;
				CODE_SIGN_STYLE = Automatic;
				DEVELOPMENT_TEAM = PU8ES8CS9S;
				INFOPLIST_FILE = SwiftUI_ExperimentUITests/Info.plist;
				LD_RUNPATH_SEARCH_PATHS = (
					"$(inherited)",
					"@executable_path/Frameworks",
					"@loader_path/Frameworks",
				);
				PRODUCT_BUNDLE_IDENTIFIER = "patrickmfsd.SwiftUI-ExperimentUITests";
				PRODUCT_NAME = "$(TARGET_NAME)";
				SWIFT_VERSION = 5.0;
				TARGETED_DEVICE_FAMILY = "1,2";
				TEST_TARGET_NAME = SwiftUI_Experiment;
			};
			name = Release;
		};
/* End XCBuildConfiguration section */

/* Begin XCConfigurationList section */
		77E27A7822A624370074B3A7 /* Build configuration list for PBXProject "SwiftUI_Experiment" */ = {
			isa = XCConfigurationList;
			buildConfigurations = (
				77E27AA822A624390074B3A7 /* Debug */,
				77E27AA922A624390074B3A7 /* Release */,
			);
			defaultConfigurationIsVisible = 0;
			defaultConfigurationName = Release;
		};
		77E27AAA22A624390074B3A7 /* Build configuration list for PBXNativeTarget "SwiftUI_Experiment" */ = {
			isa = XCConfigurationList;
			buildConfigurations = (
				77E27AAB22A624390074B3A7 /* Debug */,
				77E27AAC22A624390074B3A7 /* Release */,
			);
			defaultConfigurationIsVisible = 0;
			defaultConfigurationName = Release;
		};
		77E27AAD22A624390074B3A7 /* Build configuration list for PBXNativeTarget "SwiftUI_ExperimentTests" */ = {
			isa = XCConfigurationList;
			buildConfigurations = (
				77E27AAE22A624390074B3A7 /* Debug */,
				77E27AAF22A624390074B3A7 /* Release */,
			);
			defaultConfigurationIsVisible = 0;
			defaultConfigurationName = Release;
		};
		77E27AB022A624390074B3A7 /* Build configuration list for PBXNativeTarget "SwiftUI_ExperimentUITests" */ = {
			isa = XCConfigurationList;
			buildConfigurations = (
				77E27AB122A624390074B3A7 /* Debug */,
				77E27AB222A624390074B3A7 /* Release */,
			);
			defaultConfigurationIsVisible = 0;
			defaultConfigurationName = Release;
		};
/* End XCConfigurationList section */

/* Begin XCVersionGroup section */
		77E27A8422A624370074B3A7 /* SwiftUI_Experiment.xcdatamodeld */ = {
			isa = XCVersionGroup;
			children = (
				77E27A8522A624370074B3A7 /* SwiftUI_Experiment.xcdatamodel */,
			);
			currentVersion = 77E27A8522A624370074B3A7 /* SwiftUI_Experiment.xcdatamodel */;
			path = SwiftUI_Experiment.xcdatamodeld;
			sourceTree = "<group>";
			versionGroupType = wrapper.xcdatamodel;
		};
/* End XCVersionGroup section */
	};
	rootObject = 77E27A7522A624370074B3A7 /* Project object */;
}
